
Microsoft Visual Studio Solution File, Format Version 12.00
# Visual Studio Version 17
VisualStudioVersion = 17.13.35825.156
MinimumVisualStudioVersion = 10.0.40219.1
Project("{2150E333-8FDC-42A3-9474-1A3956D46DE8}") = "Data", "Data", "{02EA681E-C7D8-13C7-8484-4AC65E1B71E8}"
EndProject
Project("{2150E333-8FDC-42A3-9474-1A3956D46DE8}") = "Services", "Services", "{82C8F054-1FA0-4635-B8FB-518A14FA555E}"
EndProject
Project("{2150E333-8FDC-42A3-9474-1A3956D46DE8}") = "Web", "Web", "{70C04B84-6738-4D3A-9079-3904A76453AD}"
EndProject
Project("{FAE04EC0-301F-11D3-BF4B-00C04F79EFBC}") = "HCM.Data", "HCM.Data\HCM.Data.csproj", "{7C355D04-DAD2-4267-A453-719BF0832CCE}"
	ProjectSection(ProjectDependencies) = postProject
		{9105D57F-03D0-4AEB-A50F-B35F9A6A6D2F} = {9105D57F-03D0-4AEB-A50F-B35F9A6A6D2F}
	EndProjectSection
EndProject
Project("{FAE04EC0-301F-11D3-BF4B-00C04F79EFBC}") = "HCM.Data.Models", "HCM.Data.Models\HCM.Data.Models.csproj", "{9105D57F-03D0-4AEB-A50F-B35F9A6A6D2F}"
	ProjectSection(ProjectDependencies) = postProject
		{2FD8DBCB-2616-4779-A642-524FA3419E8C} = {2FD8DBCB-2616-4779-A642-524FA3419E8C}
	EndProjectSection
EndProject
Project("{FAE04EC0-301F-11D3-BF4B-00C04F79EFBC}") = "HCM.Services.Data", "HCM.Services.Data\HCM.Services.Data.csproj", "{5E223A14-6A20-4638-9AA3-5F419C7E6416}"
	ProjectSection(ProjectDependencies) = postProject
		{1489FB17-67CE-441B-BB25-BB592F893B95} = {1489FB17-67CE-441B-BB25-BB592F893B95}
		{7C355D04-DAD2-4267-A453-719BF0832CCE} = {7C355D04-DAD2-4267-A453-719BF0832CCE}
	EndProjectSection
EndProject
Project("{FAE04EC0-301F-11D3-BF4B-00C04F79EFBC}") = "HCM.Web.ViewModels", "HCM.Web.ViewModels\HCM.Web.ViewModels.csproj", "{1489FB17-67CE-441B-BB25-BB592F893B95}"
	ProjectSection(ProjectDependencies) = postProject
		{2FD8DBCB-2616-4779-A642-524FA3419E8C} = {2FD8DBCB-2616-4779-A642-524FA3419E8C}
	EndProjectSection
EndProject
Project("{FAE04EC0-301F-11D3-BF4B-00C04F79EFBC}") = "HCM.Common", "HCM.Common\HCM.Common.csproj", "{2FD8DBCB-2616-4779-A642-524FA3419E8C}"
EndProject
Project("{FAE04EC0-301F-11D3-BF4B-00C04F79EFBC}") = "HCM.Web", "HCM.Web\HCM.Web.csproj", "{298807FF-A8F3-4FD2-8DB7-CBD428FC1ADD}"
EndProject
Project("{FAE04EC0-301F-11D3-BF4B-00C04F79EFBC}") = "HCM.Web.Infrastructure", "HCM.Web.Infrastructure\HCM.Web.Infrastructure.csproj", "{30BA1207-17CE-4C1C-927F-8683A078B34F}"
EndProject
Project("{FAE04EC0-301F-11D3-BF4B-00C04F79EFBC}") = "HCM.Services.Data.Tests", "HCM.Services.Data.Tests\HCM.Services.Data.Tests.csproj", "{1A02A260-B4CC-4B3C-B10E-179AB9BC67CD}"
EndProject
Project("{2150E333-8FDC-42A3-9474-1A3956D46DE8}") = "Tests", "Tests", "{3C53EFCC-A492-4A4A-B35B-7EDE9CC0DECB}"
EndProject
Global
	GlobalSection(SolutionConfigurationPlatforms) = preSolution
		Debug|Any CPU = Debug|Any CPU
		Debug|x64 = Debug|x64
		Debug|x86 = Debug|x86
		Release|Any CPU = Release|Any CPU
		Release|x64 = Release|x64
		Release|x86 = Release|x86
	EndGlobalSection
	GlobalSection(ProjectConfigurationPlatforms) = postSolution
		{7C355D04-DAD2-4267-A453-719BF0832CCE}.Debug|Any CPU.ActiveCfg = Debug|Any CPU
		{7C355D04-DAD2-4267-A453-719BF0832CCE}.Debug|Any CPU.Build.0 = Debug|Any CPU
		{7C355D04-DAD2-4267-A453-719BF0832CCE}.Debug|x64.ActiveCfg = Debug|Any CPU
		{7C355D04-DAD2-4267-A453-719BF0832CCE}.Debug|x64.Build.0 = Debug|Any CPU
		{7C355D04-DAD2-4267-A453-719BF0832CCE}.Debug|x86.ActiveCfg = Debug|Any CPU
		{7C355D04-DAD2-4267-A453-719BF0832CCE}.Debug|x86.Build.0 = Debug|Any CPU
		{7C355D04-DAD2-4267-A453-719BF0832CCE}.Release|Any CPU.ActiveCfg = Release|Any CPU
		{7C355D04-DAD2-4267-A453-719BF0832CCE}.Release|Any CPU.Build.0 = Release|Any CPU
		{7C355D04-DAD2-4267-A453-719BF0832CCE}.Release|x64.ActiveCfg = Release|Any CPU
		{7C355D04-DAD2-4267-A453-719BF0832CCE}.Release|x64.Build.0 = Release|Any CPU
		{7C355D04-DAD2-4267-A453-719BF0832CCE}.Release|x86.ActiveCfg = Release|Any CPU
		{7C355D04-DAD2-4267-A453-719BF0832CCE}.Release|x86.Build.0 = Release|Any CPU
		{9105D57F-03D0-4AEB-A50F-B35F9A6A6D2F}.Debug|Any CPU.ActiveCfg = Debug|Any CPU
		{9105D57F-03D0-4AEB-A50F-B35F9A6A6D2F}.Debug|Any CPU.Build.0 = Debug|Any CPU
		{9105D57F-03D0-4AEB-A50F-B35F9A6A6D2F}.Debug|x64.ActiveCfg = Debug|Any CPU
		{9105D57F-03D0-4AEB-A50F-B35F9A6A6D2F}.Debug|x64.Build.0 = Debug|Any CPU
		{9105D57F-03D0-4AEB-A50F-B35F9A6A6D2F}.Debug|x86.ActiveCfg = Debug|Any CPU
		{9105D57F-03D0-4AEB-A50F-B35F9A6A6D2F}.Debug|x86.Build.0 = Debug|Any CPU
		{9105D57F-03D0-4AEB-A50F-B35F9A6A6D2F}.Release|Any CPU.ActiveCfg = Release|Any CPU
		{9105D57F-03D0-4AEB-A50F-B35F9A6A6D2F}.Release|Any CPU.Build.0 = Release|Any CPU
		{9105D57F-03D0-4AEB-A50F-B35F9A6A6D2F}.Release|x64.ActiveCfg = Release|Any CPU
		{9105D57F-03D0-4AEB-A50F-B35F9A6A6D2F}.Release|x64.Build.0 = Release|Any CPU
		{9105D57F-03D0-4AEB-A50F-B35F9A6A6D2F}.Release|x86.ActiveCfg = Release|Any CPU
		{9105D57F-03D0-4AEB-A50F-B35F9A6A6D2F}.Release|x86.Build.0 = Release|Any CPU
		{5E223A14-6A20-4638-9AA3-5F419C7E6416}.Debug|Any CPU.ActiveCfg = Debug|Any CPU
		{5E223A14-6A20-4638-9AA3-5F419C7E6416}.Debug|Any CPU.Build.0 = Debug|Any CPU
		{5E223A14-6A20-4638-9AA3-5F419C7E6416}.Debug|x64.ActiveCfg = Debug|Any CPU
		{5E223A14-6A20-4638-9AA3-5F419C7E6416}.Debug|x64.Build.0 = Debug|Any CPU
		{5E223A14-6A20-4638-9AA3-5F419C7E6416}.Debug|x86.ActiveCfg = Debug|Any CPU
		{5E223A14-6A20-4638-9AA3-5F419C7E6416}.Debug|x86.Build.0 = Debug|Any CPU
		{5E223A14-6A20-4638-9AA3-5F419C7E6416}.Release|Any CPU.ActiveCfg = Release|Any CPU
		{5E223A14-6A20-4638-9AA3-5F419C7E6416}.Release|Any CPU.Build.0 = Release|Any CPU
		{5E223A14-6A20-4638-9AA3-5F419C7E6416}.Release|x64.ActiveCfg = Release|Any CPU
		{5E223A14-6A20-4638-9AA3-5F419C7E6416}.Release|x64.Build.0 = Release|Any CPU
		{5E223A14-6A20-4638-9AA3-5F419C7E6416}.Release|x86.ActiveCfg = Release|Any CPU
		{5E223A14-6A20-4638-9AA3-5F419C7E6416}.Release|x86.Build.0 = Release|Any CPU
		{1489FB17-67CE-441B-BB25-BB592F893B95}.Debug|Any CPU.ActiveCfg = Debug|Any CPU
		{1489FB17-67CE-441B-BB25-BB592F893B95}.Debug|Any CPU.Build.0 = Debug|Any CPU
		{1489FB17-67CE-441B-BB25-BB592F893B95}.Debug|x64.ActiveCfg = Debug|Any CPU
		{1489FB17-67CE-441B-BB25-BB592F893B95}.Debug|x64.Build.0 = Debug|Any CPU
		{1489FB17-67CE-441B-BB25-BB592F893B95}.Debug|x86.ActiveCfg = Debug|Any CPU
		{1489FB17-67CE-441B-BB25-BB592F893B95}.Debug|x86.Build.0 = Debug|Any CPU
		{1489FB17-67CE-441B-BB25-BB592F893B95}.Release|Any CPU.ActiveCfg = Release|Any CPU
		{1489FB17-67CE-441B-BB25-BB592F893B95}.Release|Any CPU.Build.0 = Release|Any CPU
		{1489FB17-67CE-441B-BB25-BB592F893B95}.Release|x64.ActiveCfg = Release|Any CPU
		{1489FB17-67CE-441B-BB25-BB592F893B95}.Release|x64.Build.0 = Release|Any CPU
		{1489FB17-67CE-441B-BB25-BB592F893B95}.Release|x86.ActiveCfg = Release|Any CPU
		{1489FB17-67CE-441B-BB25-BB592F893B95}.Release|x86.Build.0 = Release|Any CPU
		{2FD8DBCB-2616-4779-A642-524FA3419E8C}.Debug|Any CPU.ActiveCfg = Debug|Any CPU
		{2FD8DBCB-2616-4779-A642-524FA3419E8C}.Debug|Any CPU.Build.0 = Debug|Any CPU
		{2FD8DBCB-2616-4779-A642-524FA3419E8C}.Debug|x64.ActiveCfg = Debug|Any CPU
		{2FD8DBCB-2616-4779-A642-524FA3419E8C}.Debug|x64.Build.0 = Debug|Any CPU
		{2FD8DBCB-2616-4779-A642-524FA3419E8C}.Debug|x86.ActiveCfg = Debug|Any CPU
		{2FD8DBCB-2616-4779-A642-524FA3419E8C}.Debug|x86.Build.0 = Debug|Any CPU
		{2FD8DBCB-2616-4779-A642-524FA3419E8C}.Release|Any CPU.ActiveCfg = Release|Any CPU
		{2FD8DBCB-2616-4779-A642-524FA3419E8C}.Release|Any CPU.Build.0 = Release|Any CPU
		{2FD8DBCB-2616-4779-A642-524FA3419E8C}.Release|x64.ActiveCfg = Release|Any CPU
		{2FD8DBCB-2616-4779-A642-524FA3419E8C}.Release|x64.Build.0 = Release|Any CPU
		{2FD8DBCB-2616-4779-A642-524FA3419E8C}.Release|x86.ActiveCfg = Release|Any CPU
		{2FD8DBCB-2616-4779-A642-524FA3419E8C}.Release|x86.Build.0 = Release|Any CPU
		{298807FF-A8F3-4FD2-8DB7-CBD428FC1ADD}.Debug|Any CPU.ActiveCfg = Debug|Any CPU
		{298807FF-A8F3-4FD2-8DB7-CBD428FC1ADD}.Debug|Any CPU.Build.0 = Debug|Any CPU
		{298807FF-A8F3-4FD2-8DB7-CBD428FC1ADD}.Debug|x64.ActiveCfg = Debug|Any CPU
		{298807FF-A8F3-4FD2-8DB7-CBD428FC1ADD}.Debug|x64.Build.0 = Debug|Any CPU
		{298807FF-A8F3-4FD2-8DB7-CBD428FC1ADD}.Debug|x86.ActiveCfg = Debug|Any CPU
		{298807FF-A8F3-4FD2-8DB7-CBD428FC1ADD}.Debug|x86.Build.0 = Debug|Any CPU
		{298807FF-A8F3-4FD2-8DB7-CBD428FC1ADD}.Release|Any CPU.ActiveCfg = Release|Any CPU
		{298807FF-A8F3-4FD2-8DB7-CBD428FC1ADD}.Release|Any CPU.Build.0 = Release|Any CPU
		{298807FF-A8F3-4FD2-8DB7-CBD428FC1ADD}.Release|x64.ActiveCfg = Release|Any CPU
		{298807FF-A8F3-4FD2-8DB7-CBD428FC1ADD}.Release|x64.Build.0 = Release|Any CPU
		{298807FF-A8F3-4FD2-8DB7-CBD428FC1ADD}.Release|x86.ActiveCfg = Release|Any CPU
		{298807FF-A8F3-4FD2-8DB7-CBD428FC1ADD}.Release|x86.Build.0 = Release|Any CPU
		{30BA1207-17CE-4C1C-927F-8683A078B34F}.Debug|Any CPU.ActiveCfg = Debug|Any CPU
		{30BA1207-17CE-4C1C-927F-8683A078B34F}.Debug|Any CPU.Build.0 = Debug|Any CPU
		{30BA1207-17CE-4C1C-927F-8683A078B34F}.Debug|x64.ActiveCfg = Debug|Any CPU
		{30BA1207-17CE-4C1C-927F-8683A078B34F}.Debug|x64.Build.0 = Debug|Any CPU
		{30BA1207-17CE-4C1C-927F-8683A078B34F}.Debug|x86.ActiveCfg = Debug|Any CPU
		{30BA1207-17CE-4C1C-927F-8683A078B34F}.Debug|x86.Build.0 = Debug|Any CPU
		{30BA1207-17CE-4C1C-927F-8683A078B34F}.Release|Any CPU.ActiveCfg = Release|Any CPU
		{30BA1207-17CE-4C1C-927F-8683A078B34F}.Release|Any CPU.Build.0 = Release|Any CPU
		{30BA1207-17CE-4C1C-927F-8683A078B34F}.Release|x64.ActiveCfg = Release|Any CPU
		{30BA1207-17CE-4C1C-927F-8683A078B34F}.Release|x64.Build.0 = Release|Any CPU
		{30BA1207-17CE-4C1C-927F-8683A078B34F}.Release|x86.ActiveCfg = Release|Any CPU
		{30BA1207-17CE-4C1C-927F-8683A078B34F}.Release|x86.Build.0 = Release|Any CPU
		{1A02A260-B4CC-4B3C-B10E-179AB9BC67CD}.Debug|Any CPU.ActiveCfg = Debug|Any CPU
		{1A02A260-B4CC-4B3C-B10E-179AB9BC67CD}.Debug|Any CPU.Build.0 = Debug|Any CPU
		{1A02A260-B4CC-4B3C-B10E-179AB9BC67CD}.Debug|x64.ActiveCfg = Debug|Any CPU
		{1A02A260-B4CC-4B3C-B10E-179AB9BC67CD}.Debug|x64.Build.0 = Debug|Any CPU
		{1A02A260-B4CC-4B3C-B10E-179AB9BC67CD}.Debug|x86.ActiveCfg = Debug|Any CPU
		{1A02A260-B4CC-4B3C-B10E-179AB9BC67CD}.Debug|x86.Build.0 = Debug|Any CPU
		{1A02A260-B4CC-4B3C-B10E-179AB9BC67CD}.Release|Any CPU.ActiveCfg = Release|Any CPU
		{1A02A260-B4CC-4B3C-B10E-179AB9BC67CD}.Release|Any CPU.Build.0 = Release|Any CPU
		{1A02A260-B4CC-4B3C-B10E-179AB9BC67CD}.Release|x64.ActiveCfg = Release|Any CPU
		{1A02A260-B4CC-4B3C-B10E-179AB9BC67CD}.Release|x64.Build.0 = Release|Any CPU
		{1A02A260-B4CC-4B3C-B10E-179AB9BC67CD}.Release|x86.ActiveCfg = Release|Any CPU
		{1A02A260-B4CC-4B3C-B10E-179AB9BC67CD}.Release|x86.Build.0 = Release|Any CPU
	EndGlobalSection
	GlobalSection(SolutionProperties) = preSolution
		HideSolutionNode = FALSE
	EndGlobalSection
	GlobalSection(NestedProjects) = preSolution
		{7C355D04-DAD2-4267-A453-719BF0832CCE} = {02EA681E-C7D8-13C7-8484-4AC65E1B71E8}
		{9105D57F-03D0-4AEB-A50F-B35F9A6A6D2F} = {02EA681E-C7D8-13C7-8484-4AC65E1B71E8}
		{5E223A14-6A20-4638-9AA3-5F419C7E6416} = {82C8F054-1FA0-4635-B8FB-518A14FA555E}
		{1489FB17-67CE-441B-BB25-BB592F893B95} = {70C04B84-6738-4D3A-9079-3904A76453AD}
		{298807FF-A8F3-4FD2-8DB7-CBD428FC1ADD} = {70C04B84-6738-4D3A-9079-3904A76453AD}
		{30BA1207-17CE-4C1C-927F-8683A078B34F} = {70C04B84-6738-4D3A-9079-3904A76453AD}
		{1A02A260-B4CC-4B3C-B10E-179AB9BC67CD} = {3C53EFCC-A492-4A4A-B35B-7EDE9CC0DECB}
	EndGlobalSection
	GlobalSection(ExtensibilityGlobals) = postSolution
		SolutionGuid = {AFE66762-6A41-4116-9D69-6A1E6C3E1CB1}
	EndGlobalSection
EndGlobal
